// !$*UTF8*$!
{
	archiveVersion = 1;
	classes = {
	};
	objectVersion = 46;
	objects = {

/* Begin PBXBuildFile section */
		FDACE6931C86DE2300B62B17 /* main.m in Sources */ = {isa = PBXBuildFile; fileRef = FDACE6921C86DE2300B62B17 /* main.m */; };
		FDACE6961C86DE2300B62B17 /* AppDelegate.m in Sources */ = {isa = PBXBuildFile; fileRef = FDACE6951C86DE2300B62B17 /* AppDelegate.m */; };
		FDACE6991C86DE2300B62B17 /* ViewController.m in Sources */ = {isa = PBXBuildFile; fileRef = FDACE6981C86DE2300B62B17 /* ViewController.m */; };
		FDACE69C1C86DE2300B62B17 /* Main.storyboard in Resources */ = {isa = PBXBuildFile; fileRef = FDACE69A1C86DE2300B62B17 /* Main.storyboard */; };
		FDACE69E1C86DE2300B62B17 /* Assets.xcassets in Resources */ = {isa = PBXBuildFile; fileRef = FDACE69D1C86DE2300B62B17 /* Assets.xcassets */; };
		FDACE6A11C86DE2300B62B17 /* LaunchScreen.storyboard in Resources */ = {isa = PBXBuildFile; fileRef = FDACE69F1C86DE2300B62B17 /* LaunchScreen.storyboard */; };
/* End PBXBuildFile section */

/* Begin PBXFileReference section */
		FDACE68E1C86DE2300B62B17 /* WeChatDemo.app */ = {isa = PBXFileReference; explicitFileType = wrapper.application; includeInIndex = 0; path = WeChatDemo.app; sourceTree = BUILT_PRODUCTS_DIR; };
		FDACE6921C86DE2300B62B17 /* main.m */ = {isa = PBXFileReference; lastKnownFileType = sourcecode.c.objc; path = main.m; sourceTree = "<group>"; };
		FDACE6941C86DE2300B62B17 /* AppDelegate.h */ = {isa = PBXFileReference; lastKnownFileType = sourcecode.c.h; path = AppDelegate.h; sourceTree = "<group>"; };
		FDACE6951C86DE2300B62B17 /* AppDelegate.m */ = {isa = PBXFileReference; lastKnownFileType = sourcecode.c.objc; path = AppDelegate.m; sourceTree = "<group>"; };
		FDACE6971C86DE2300B62B17 /* ViewController.h */ = {isa = PBXFileReference; lastKnownFileType = sourcecode.c.h; path = ViewController.h; sourceTree = "<group>"; };
		FDACE6981C86DE2300B62B17 /* ViewController.m */ = {isa = PBXFileReference; lastKnownFileType = sourcecode.c.objc; path = ViewController.m; sourceTree = "<group>"; };
		FDACE69B1C86DE2300B62B17 /* Base */ = {isa = PBXFileReference; lastKnownFileType = file.storyboard; name = Base; path = Base.lproj/Main.storyboard; sourceTree = "<group>"; };
		FDACE69D1C86DE2300B62B17 /* Assets.xcassets */ = {isa = PBXFileReference; lastKnownFileType = folder.assetcatalog; path = Assets.xcassets; sourceTree = "<group>"; };
		FDACE6A01C86DE2300B62B17 /* Base */ = {isa = PBXFileReference; lastKnownFileType = file.storyboard; name = Base; path = Base.lproj/LaunchScreen.storyboard; sourceTree = "<group>"; };
		FDACE6A21C86DE2300B62B17 /* Info.plist */ = {isa = PBXFileReference; lastKnownFileType = text.plist.xml; path = Info.plist; sourceTree = "<group>"; };
/* End PBXFileReference section */

/* Begin PBXFrameworksBuildPhase section */
		FDACE68B1C86DE2300B62B17 /* Frameworks */ = {
			isa = PBXFrameworksBuildPhase;
			buildActionMask = 2147483647;
			files = (
			);
			runOnlyForDeploymentPostprocessing = 0;
		};
/* End PBXFrameworksBuildPhase section */

/* Begin PBXGroup section */
		FDACE6851C86DE2300B62B17 = {
			isa = PBXGroup;
			children = (
				FDACE6901C86DE2300B62B17 /* WeChatDemo */,
				FDACE68F1C86DE2300B62B17 /* Products */,
			);
			sourceTree = "<group>";
		};
		FDACE68F1C86DE2300B62B17 /* Products */ = {
			isa = PBXGroup;
			children = (
				FDACE68E1C86DE2300B62B17 /* WeChatDemo.app */,
			);
			name = Products;
			sourceTree = "<group>";
		};
		FDACE6901C86DE2300B62B17 /* WeChatDemo */ = {
			isa = PBXGroup;
			children = (
				FDACE6941C86DE2300B62B17 /* AppDelegate.h */,
				FDACE6951C86DE2300B62B17 /* AppDelegate.m */,
				FDACE6971C86DE2300B62B17 /* ViewController.h */,
				FDACE6981C86DE2300B62B17 /* ViewController.m */,
				FDACE69A1C86DE2300B62B17 /* Main.storyboard */,
				FDACE69D1C86DE2300B62B17 /* Assets.xcassets */,
				FDACE69F1C86DE2300B62B17 /* LaunchScreen.storyboard */,
				FDACE6A21C86DE2300B62B17 /* Info.plist */,
				FDACE6911C86DE2300B62B17 /* Supporting Files */,
			);
			path = WeChatDemo;
			sourceTree = "<group>";
		};
		FDACE6911C86DE2300B62B17 /* Supporting Files */ = {
			isa = PBXGroup;
			children = (
				FDACE6921C86DE2300B62B17 /* main.m */,
			);
			name = "Supporting Files";
			sourceTree = "<group>";
		};
/* End PBXGroup section */

/* Begin PBXNativeTarget section */
		FDACE68D1C86DE2300B62B17 /* WeChatDemo */ = {
			isa = PBXNativeTarget;
			buildConfigurationList = FDACE6A51C86DE2300B62B17 /* Build configuration list for PBXNativeTarget "WeChatDemo" */;
			buildPhases = (
				FDACE68A1C86DE2300B62B17 /* Sources */,
				FDACE68B1C86DE2300B62B17 /* Frameworks */,
				FDACE68C1C86DE2300B62B17 /* Resources */,
			);
			buildRules = (
			);
			dependencies = (
			);
			name = WeChatDemo;
			productName = WeChatDemo;
			productReference = FDACE68E1C86DE2300B62B17 /* WeChatDemo.app */;
			productType = "com.apple.product-type.application";
		};
/* End PBXNativeTarget section */

/* Begin PBXProject section */
		FDACE6861C86DE2300B62B17 /* Project object */ = {
			isa = PBXProject;
			attributes = {
				LastUpgradeCheck = 0720;
				ORGANIZATIONNAME = David;
				TargetAttributes = {
					FDACE68D1C86DE2300B62B17 = {
						CreatedOnToolsVersion = 7.2;
					};
				};
			};
			buildConfigurationList = FDACE6891C86DE2300B62B17 /* Build configuration list for PBXProject "WeChatDemo" */;
			compatibilityVersion = "Xcode 3.2";
			developmentRegion = English;
			hasScannedForEncodings = 0;
			knownRegions = (
				en,
				Base,
			);
			mainGroup = FDACE6851C86DE2300B62B17;
			productRefGroup = FDACE68F1C86DE2300B62B17 /* Products */;
			projectDirPath = "";
			projectRoot = "";
			targets = (
				FDACE68D1C86DE2300B62B17 /* WeChatDemo */,
			);
		};
/* End PBXProject section */

/* Begin PBXResourcesBuildPhase section */
		FDACE68C1C86DE2300B62B17 /* Resources */ = {
			isa = PBXResourcesBuildPhase;
			buildActionMask = 2147483647;
			files = (
				FDACE6A11C86DE2300B62B17 /* LaunchScreen.storyboard in Resources */,
				FDACE69E1C86DE2300B62B17 /* Assets.xcassets in Resources */,
				FDACE69C1C86DE2300B62B17 /* Main.storyboard in Resources */,
			);
			runOnlyForDeploymentPostprocessing = 0;
		};
/* End PBXResourcesBuildPhase section */

/* Begin PBXSourcesBuildPhase section */
		FDACE68A1C86DE2300B62B17 /* Sources */ = {
			isa = PBXSourcesBuildPhase;
			buildActionMask = 2147483647;
			files = (
				FDACE6991C86DE2300B62B17 /* ViewController.m in Sources */,
				FDACE6961C86DE2300B62B17 /* AppDelegate.m in Sources */,
				FDACE6931C86DE2300B62B17 /* main.m in Sources */,
			);
			runOnlyForDeploymentPostprocessing = 0;
		};
/* End PBXSourcesBuildPhase section */

/* Begin PBXVariantGroup section */
		FDACE69A1C86DE2300B62B17 /* Main.storyboard */ = {
			isa = PBXVariantGroup;
			children = (
				FDACE69B1C86DE2300B62B17 /* Base */,
			);
			name = Main.storyboard;
			sourceTree = "<group>";
		};
		FDACE69F1C86DE2300B62B17 /* LaunchScreen.storyboard */ = {
			isa = PBXVariantGroup;
			children = (
				FDACE6A01C86DE2300B62B17 /* Base */,
			);
			name = LaunchScreen.storyboard;
			sourceTree = "<group>";
		};
/* End PBXVariantGroup section */

/* Begin XCBuildConfiguration section */
		FDACE6A31C86DE2300B62B17 /* Debug */ = {
			isa = XCBuildConfiguration;
			buildSettings = {
				ALWAYS_SEARCH_USER_PATHS = NO;
				CLANG_CXX_LANGUAGE_STANDARD = "gnu++0x";
				CLANG_CXX_LIBRARY = "libc++";
				CLANG_ENABLE_MODULES = YES;
				CLANG_ENABLE_OBJC_ARC = YES;
				CLANG_WARN_BOOL_CONVERSION = YES;
				CLANG_WARN_CONSTANT_CONVERSION = YES;
				CLANG_WARN_DIRECT_OBJC_ISA_USAGE = YES_ERROR;
				CLANG_WARN_EMPTY_BODY = YES;
				CLANG_WARN_ENUM_CONVERSION = YES;
				CLANG_WARN_INT_CONVERSION = YES;
				CLANG_WARN_OBJC_ROOT_CLASS = YES_ERROR;
				CLANG_WARN_UNREACHABLE_CODE = YES;
				CLANG_WARN__DUPLICATE_METHOD_MATCH = YES;
				"CODE_SIGN_IDENTITY[sdk=iphoneos*]" = "iPhone Developer";
				COPY_PHASE_STRIP = NO;
				DEBUG_INFORMATION_FORMAT = dwarf;
				ENABLE_STRICT_OBJC_MSGSEND = YES;
				ENABLE_TESTABILITY = YES;
				GCC_C_LANGUAGE_STANDARD = gnu99;
				GCC_DYNAMIC_NO_PIC = NO;
				GCC_NO_COMMON_BLOCKS = YES;
				GCC_OPTIMIZATION_LEVEL = 0;
				GCC_PREPROCESSOR_DEFINITIONS = (
					"DEBUG=1",
					"$(inherited)",
				);
				GCC_WARN_64_TO_32_BIT_CONVERSION = YES;
				GCC_WARN_ABOUT_RETURN_TYPE = YES_ERROR;
				GCC_WARN_UNDECLARED_SELECTOR = YES;
				GCC_WARN_UNINITIALIZED_AUTOS = YES_AGGRESSIVE;
				GCC_WARN_UNUSED_FUNCTION = YES;
				GCC_WARN_UNUSED_VARIABLE = YES;
				IPHONEOS_DEPLOYMENT_TARGET = 9.2;
				MTL_ENABLE_DEBUG_INFO = YES;
				ONLY_ACTIVE_ARCH = YES;
				SDKROOT = iphoneos;
				TARGETED_DEVICE_FAMILY = "1,2";
			};
			name = Debug;
		};
		FDACE6A41C86DE2300B62B17 /* Release */ = {
			isa = XCBuildConfiguration;
			buildSettings = {
				ALWAYS_SEARCH_USER_PATHS = NO;
				CLANG_CXX_LANGUAGE_STANDARD = "gnu++0x";
				CLANG_CXX_LIBRARY = "libc++";
				CLANG_ENABLE_MODULES = YES;
				CLANG_ENABLE_OBJC_ARC = YES;
				CLANG_WARN_BOOL_CONVERSION = YES;
				CLANG_WARN_CONSTANT_CONVERSION = YES;
				CLANG_WARN_DIRECT_OBJC_ISA_USAGE = YES_ERROR;
				CLANG_WARN_EMPTY_BODY = YES;
				CLANG_WARN_ENUM_CONVERSION = YES;
				CLANG_WARN_INT_CONVERSION = YES;
				CLANG_WARN_OBJC_ROOT_CLASS = YES_ERROR;
				CLANG_WARN_UNREACHABLE_CODE = YES;
				CLANG_WARN__DUPLICATE_METHOD_MATCH = YES;
				"CODE_SIGN_IDENTITY[sdk=iphoneos*]" = "iPhone Developer";
				COPY_PHASE_STRIP = NO;
				DEBUG_INFORMATION_FORMAT = "dwarf-with-dsym";
				ENABLE_NS_ASSERTIONS = NO;
				ENABLE_STRICT_OBJC_MSGSEND = YES;
				GCC_C_LANGUAGE_STANDARD = gnu99;
				GCC_NO_COMMON_BLOCKS = YES;
				GCC_WARN_64_TO_32_BIT_CONVERSION = YES;
				GCC_WARN_ABOUT_RETURN_TYPE = YES_ERROR;
				GCC_WARN_UNDECLARED_SELECTOR = YES;
				GCC_WARN_UNINITIALIZED_AUTOS = YES_AGGRESSIVE;
				GCC_WARN_UNUSED_FUNCTION = YES;
				GCC_WARN_UNUSED_VARIABLE = YES;
				IPHONEOS_DEPLOYMENT_TARGET = 9.2;
				MTL_ENABLE_DEBUG_INFO = NO;
				SDKROOT = iphoneos;
				TARGETED_DEVICE_FAMILY = "1,2";
				VALIDATE_PRODUCT = YES;
			};
			name = Release;
		};
		FDACE6A61C86DE2300B62B17 /* Debug */ = {
			isa = XCBuildConfiguration;
			buildSettings = {
				ASSETCATALOG_COMPILER_APPICON_NAME = AppIcon;
				INFOPLIST_FILE = WeChatDemo/Info.plist;
				LD_RUNPATH_SEARCH_PATHS = "$(inherited) @executable_path/Frameworks";
				PRODUCT_BUNDLE_IDENTIFIER = xiaominge.com.WeChatDemo;
				PRODUCT_NAME = "$(TARGET_NAME)";
			};
			name = Debug;
		};
		FDACE6A71C86DE2300B62B17 /* Release */ = {
			isa = XCBuildConfiguration;
			buildSettings = {
				ASSETCATALOG_COMPILER_APPICON_NAME = AppIcon;
				INFOPLIST_FILE = WeChatDemo/Info.plist;
				LD_RUNPATH_SEARCH_PATHS = "$(inherited) @executable_path/Frameworks";
				PRODUCT_BUNDLE_IDENTIFIER = xiaominge.com.WeChatDemo;
				PRODUCT_NAME = "$(TARGET_NAME)";
			};
			name = Release;
		};
/* End XCBuildConfiguration section */

/* Begin XCConfigurationList section */
		FDACE6891C86DE2300B62B17 /* Build configuration list for PBXProject "WeChatDemo" */ = {
			isa = XCConfigurationList;
			buildConfigurations = (
				FDACE6A31C86DE2300B62B17 /* Debug */,
				FDACE6A41C86DE2300B62B17 /* Release */,
			);
			defaultConfigurationIsVisible = 0;
			defaultConfigurationName = Release;
		};
		FDACE6A51C86DE2300B62B17 /* Build configuration list for PBXNativeTarget "WeChatDemo" */ = {
			isa = XCConfigurationList;
			buildConfigurations = (
				FDACE6A61C86DE2300B62B17 /* Debug */,
				FDACE6A71C86DE2300B62B17 /* Release */,
			);
			defaultConfigurationIsVisible = 0;
		};
/* End XCConfigurationList section */
	};
	rootObject = FDACE6861C86DE2300B62B17 /* Project object */;
}
